{
    "version": "1",
    "synapseCC": "0.2.0",
    "hubCodegen": "0.2.0",
    "updatedAt": "2026-03-16T13:20:33Z",
    "targets": {
        "generated": {
            "backend": "monochrome",
            "irHash": "386626e5399980b3",
            "transport": "browser",
            "files": {
                ".codegen-metadata.json": "995765a36b208c60",
                "index.ts": "c0501d368aeb9cc9",
                "monochrome/client.ts": "d528a2041214dd1d",
                "monochrome/index.ts": "60b309e09f7d18ff",
                "monochrome/monochrome/client.ts": "4e056846e55a1a3e",
                "monochrome/monochrome/index.ts": "39db0b6861091537",
                "monochrome/monochrome/types.ts": "facc2a6fdba1e587",
                "monochrome/player/client.ts": "e566f044ec747d91",
                "monochrome/player/index.ts": "687d823e9e25068d",
                "monochrome/player/playlist/client.ts": "b4e524bcf66da979",
                "monochrome/player/playlist/index.ts": "dcce88d0c0b62b1c",
                "package.json": "dc7c4f0f5e67849b",
                "player/client.ts": "b27106bb3240dc4b",
                "player/index.ts": "8173068418fb7d83",
                "player/playlist/client.ts": "47cd5b7070bb2ebc",
                "player/playlist/index.ts": "953de5cf9694c899",
                "player/types.ts": "5a1952787bd4aea6",
                "rpc.ts": "e9fd65874333ae25",
                "test/smoke.test.ts": "8bdaba13b5fe4d09",
                "transport.ts": "8fc77d72d6b90f89",
                "tsconfig.json": "ebf6a311e13a8eed",
                "types.ts": "448e5bdbebbbf007"
            }
        },
        "generated-substrate": {
            "backend": "substrate",
            "irHash": "cf6f5e649fd5a921",
            "transport": "browser",
            "files": {
                ".codegen-metadata.json": "209e8d1db4fd0a87",
                "claudecode/client.ts": "636728ad524c17c8",
                "claudecode/index.ts": "92e376f3f4309522",
                "claudecode/types.ts": "ebae6ad6e7aacc67",
                "cone/types.ts": "c11c24c1595bf7e3",
                "index.ts": "327f942783869561",
                "package.json": "3894b504808e4637",
                "rpc.ts": "e9fd65874333ae25",
                "test/bidir-smoke.test.ts": "bcd06c94f9d4c352",
                "test/smoke.test.ts": "a295034bc894304b",
                "transport.ts": "8fc77d72d6b90f89",
                "tsconfig.json": "ebf6a311e13a8eed",
                "types.ts": "89502efc00dbb8b8"
            }
        },
        "generated/substrate": {
            "backend": "substrate",
            "irHash": "cf6f5e649fd5a921",
            "transport": "browser",
            "files": {
                ".codegen-metadata.json": "19b2e621faeabcde",
                "claudecode/client.ts": "636728ad524c17c8",
                "claudecode/index.ts": "92e376f3f4309522",
                "claudecode/types.ts": "ebae6ad6e7aacc67",
                "cone/types.ts": "c11c24c1595bf7e3",
                "index.ts": "327f942783869561",
                "package.json": "3569daab11a0b532",
                "rpc.ts": "3a0b3b8295270ae7",
                "test/bidir-smoke.test.ts": "bcd06c94f9d4c352",
                "test/smoke.test.ts": "a295034bc894304b",
                "transport.ts": "95febd4c63a16306",
                "tsconfig.json": "ebf6a311e13a8eed",
                "types.ts": "87091728661bd314"
            },
            "sharedTransport": "client"
        }
    }
}