{
    "version": "1",
    "synapseCC": "0.2.0",
    "hubCodegen": "0.2.0",
    "updatedAt": "2026-03-14T23:19:15Z",
    "targets": {
        "generated": {
            "backend": "monochrome",
            "irHash": "a035b8ce22826090",
            "transport": "browser",
            "files": {
                ".codegen-metadata.json": "261147989a778c78",
                "index.ts": "c0501d368aeb9cc9",
                "monochrome/client.ts": "d528a2041214dd1d",
                "monochrome/index.ts": "60b309e09f7d18ff",
                "monochrome/monochrome/client.ts": "4e056846e55a1a3e",
                "monochrome/monochrome/index.ts": "39db0b6861091537",
                "monochrome/monochrome/types.ts": "facc2a6fdba1e587",
                "monochrome/player/client.ts": "1e64093fb8dbcf3b",
                "monochrome/player/index.ts": "687d823e9e25068d",
                "monochrome/player/playlist/client.ts": "b4e524bcf66da979",
                "monochrome/player/playlist/index.ts": "dcce88d0c0b62b1c",
                "package.json": "65d9521ece54ba68",
                "player/client.ts": "891a7a7ded458acb",
                "player/index.ts": "8173068418fb7d83",
                "player/playlist/client.ts": "47cd5b7070bb2ebc",
                "player/playlist/index.ts": "953de5cf9694c899",
                "player/types.ts": "a89368292b98c0f0",
                "rpc.ts": "e9fd65874333ae25",
                "test/smoke.test.ts": "8bdaba13b5fe4d09",
                "transport.ts": "8fc77d72d6b90f89",
                "tsconfig.json": "ebf6a311e13a8eed",
                "types.ts": "6e5d7dce54b4b46b"
            }
        },
        "generated-substrate": {
            "backend": "substrate",
            "irHash": "cf6f5e649fd5a921",
            "transport": "browser",
            "files": {
                ".codegen-metadata.json": "209e8d1db4fd0a87",
                "claudecode/client.ts": "636728ad524c17c8",
                "claudecode/index.ts": "92e376f3f4309522",
                "claudecode/types.ts": "ebae6ad6e7aacc67",
                "cone/types.ts": "c11c24c1595bf7e3",
                "index.ts": "327f942783869561",
                "package.json": "3894b504808e4637",
                "rpc.ts": "e9fd65874333ae25",
                "test/bidir-smoke.test.ts": "bcd06c94f9d4c352",
                "test/smoke.test.ts": "a295034bc894304b",
                "transport.ts": "8fc77d72d6b90f89",
                "tsconfig.json": "ebf6a311e13a8eed",
                "types.ts": "89502efc00dbb8b8"
            }
        }
    }
}