{
    "version": "1",
    "synapseCC": "0.2.0",
    "hubCodegen": "0.2.0",
    "updatedAt": "2026-03-17T00:36:01Z",
    "targets": {
        "generated": {
            "backend": "music",
            "irHash": "0b97ba9400dd97e0",
            "transport": "browser",
            "files": {
                ".codegen-metadata.json": "5e4a486ebe72ad8f",
                "index.ts": "78247976e721722d",
                "monochrome/client.ts": "cddfdcef512727ff",
                "monochrome/index.ts": "a67d749d3dd5886f",
                "monochrome/sanity/client.ts": "af348422b6fdfbae",
                "monochrome/sanity/index.ts": "4d0b8995d71eb38e",
                "monochrome/types.ts": "facc2a6fdba1e587",
                "package.json": "dd9f6673990acccd",
                "player/client.ts": "43bf0dc099ae1b11",
                "player/index.ts": "8173068418fb7d83",
                "player/playlist/client.ts": "47cd5b7070bb2ebc",
                "player/playlist/index.ts": "953de5cf9694c899",
                "player/types.ts": "7da9157856677b13",
                "rpc.ts": "e9fd65874333ae25",
                "test/smoke.test.ts": "bfb0542f42185a28",
                "transport.ts": "8fc77d72d6b90f89",
                "tsconfig.json": "ebf6a311e13a8eed",
                "types.ts": "29197e221adfecf2"
            }
        },
        "generated-substrate": {
            "backend": "substrate",
            "irHash": "cf6f5e649fd5a921",
            "transport": "browser",
            "files": {
                ".codegen-metadata.json": "209e8d1db4fd0a87",
                "claudecode/client.ts": "636728ad524c17c8",
                "claudecode/index.ts": "92e376f3f4309522",
                "claudecode/types.ts": "ebae6ad6e7aacc67",
                "cone/types.ts": "c11c24c1595bf7e3",
                "index.ts": "327f942783869561",
                "package.json": "3894b504808e4637",
                "rpc.ts": "e9fd65874333ae25",
                "test/bidir-smoke.test.ts": "bcd06c94f9d4c352",
                "test/smoke.test.ts": "a295034bc894304b",
                "transport.ts": "8fc77d72d6b90f89",
                "tsconfig.json": "ebf6a311e13a8eed",
                "types.ts": "89502efc00dbb8b8"
            }
        },
        "generated/substrate": {
            "backend": "substrate",
            "irHash": "cf6f5e649fd5a921",
            "transport": "browser",
            "files": {
                ".codegen-metadata.json": "19b2e621faeabcde",
                "claudecode/client.ts": "636728ad524c17c8",
                "claudecode/index.ts": "92e376f3f4309522",
                "claudecode/types.ts": "ebae6ad6e7aacc67",
                "cone/types.ts": "c11c24c1595bf7e3",
                "index.ts": "327f942783869561",
                "package.json": "3569daab11a0b532",
                "rpc.ts": "3a0b3b8295270ae7",
                "test/bidir-smoke.test.ts": "bcd06c94f9d4c352",
                "test/smoke.test.ts": "a295034bc894304b",
                "transport.ts": "95febd4c63a16306",
                "tsconfig.json": "ebf6a311e13a8eed",
                "types.ts": "87091728661bd314"
            },
            "sharedTransport": "client"
        }
    }
}